// !$*UTF8*$!
{
	archiveVersion = 1;
	classes = {
	};
	objectVersion = 77;
	objects = {

/* Begin PBXBuildFile section */
		313BA6132E0B413200B4A54B /* IMPLEMENTATION_INSTRUCTIONS.md in Resources */ = {isa = PBXBuildFile; fileRef = 313BA6122E0B413200B4A54B /* IMPLEMENTATION_INSTRUCTIONS.md */; };
		313BA63F2E0B4B2000B4A54B /* Honeycomb in Frameworks */ = {isa = PBXBuildFile; productRef = 313BA63E2E0B4B2000B4A54B /* Honeycomb */; };
/* End PBXBuildFile section */

/* Begin PBXContainerItemProxy section */
		313BA5F62E0B3AA900B4A54B /* PBXContainerItemProxy */ = {
			isa = PBXContainerItemProxy;
			containerPortal = 313BA5E02E0B3AA700B4A54B /* Project object */;
			proxyType = 1;
			remoteGlobalIDString = 313BA5E72E0B3AA700B4A54B;
			remoteInfo = "ios-otel-demo-app-to-devrel-demo";
		};
		313BA6002E0B3AA900B4A54B /* PBXContainerItemProxy */ = {
			isa = PBXContainerItemProxy;
			containerPortal = 313BA5E02E0B3AA700B4A54B /* Project object */;
			proxyType = 1;
			remoteGlobalIDString = 313BA5E72E0B3AA700B4A54B;
			remoteInfo = "ios-otel-demo-app-to-devrel-demo";
		};
/* End PBXContainerItemProxy section */

/* Begin PBXFileReference section */
		313BA5E82E0B3AA700B4A54B /* ios-otel-demo-app-to-devrel-demo.app */ = {isa = PBXFileReference; explicitFileType = wrapper.application; includeInIndex = 0; path = "ios-otel-demo-app-to-devrel-demo.app"; sourceTree = BUILT_PRODUCTS_DIR; };
		313BA5F52E0B3AA900B4A54B /* ios-otel-demo-app-to-devrel-demoTests.xctest */ = {isa = PBXFileReference; explicitFileType = wrapper.cfbundle; includeInIndex = 0; path = "ios-otel-demo-app-to-devrel-demoTests.xctest"; sourceTree = BUILT_PRODUCTS_DIR; };
		313BA5FF2E0B3AA900B4A54B /* ios-otel-demo-app-to-devrel-demoUITests.xctest */ = {isa = PBXFileReference; explicitFileType = wrapper.cfbundle; includeInIndex = 0; path = "ios-otel-demo-app-to-devrel-demoUITests.xctest"; sourceTree = BUILT_PRODUCTS_DIR; };
		313BA6122E0B413200B4A54B /* IMPLEMENTATION_INSTRUCTIONS.md */ = {isa = PBXFileReference; lastKnownFileType = net.daringfireball.markdown; path = IMPLEMENTATION_INSTRUCTIONS.md; sourceTree = "<group>"; };
/* End PBXFileReference section */

/* Begin PBXFileSystemSynchronizedRootGroup section */
		313BA5EA2E0B3AA700B4A54B /* ios-otel-demo-app-to-devrel-demo */ = {
			isa = PBXFileSystemSynchronizedRootGroup;
			path = "ios-otel-demo-app-to-devrel-demo";
			sourceTree = "<group>";
		};
		313BA5F82E0B3AA900B4A54B /* ios-otel-demo-app-to-devrel-demoTests */ = {
			isa = PBXFileSystemSynchronizedRootGroup;
			path = "ios-otel-demo-app-to-devrel-demoTests";
			sourceTree = "<group>";
		};
		313BA6022E0B3AA900B4A54B /* ios-otel-demo-app-to-devrel-demoUITests */ = {
			isa = PBXFileSystemSynchronizedRootGroup;
			path = "ios-otel-demo-app-to-devrel-demoUITests";
			sourceTree = "<group>";
		};
/* End PBXFileSystemSynchronizedRootGroup section */

/* Begin PBXFrameworksBuildPhase section */
		313BA5E52E0B3AA700B4A54B /* Frameworks */ = {
			isa = PBXFrameworksBuildPhase;
			buildActionMask = 2147483647;
			files = (
				313BA63F2E0B4B2000B4A54B /* Honeycomb in Frameworks */,
			);
			runOnlyForDeploymentPostprocessing = 0;
		};
		313BA5F22E0B3AA900B4A54B /* Frameworks */ = {
			isa = PBXFrameworksBuildPhase;
			buildActionMask = 2147483647;
			files = (
			);
			runOnlyForDeploymentPostprocessing = 0;
		};
		313BA5FC2E0B3AA900B4A54B /* Frameworks */ = {
			isa = PBXFrameworksBuildPhase;
			buildActionMask = 2147483647;
			files = (
			);
			runOnlyForDeploymentPostprocessing = 0;
		};
/* End PBXFrameworksBuildPhase section */

/* Begin PBXGroup section */
		313BA5DF2E0B3AA700B4A54B = {
			isa = PBXGroup;
			children = (
				313BA6122E0B413200B4A54B /* IMPLEMENTATION_INSTRUCTIONS.md */,
				313BA5EA2E0B3AA700B4A54B /* ios-otel-demo-app-to-devrel-demo */,
				313BA5F82E0B3AA900B4A54B /* ios-otel-demo-app-to-devrel-demoTests */,
				313BA6022E0B3AA900B4A54B /* ios-otel-demo-app-to-devrel-demoUITests */,
				313BA5E92E0B3AA700B4A54B /* Products */,
			);
			sourceTree = "<group>";
		};
		313BA5E92E0B3AA700B4A54B /* Products */ = {
			isa = PBXGroup;
			children = (
				313BA5E82E0B3AA700B4A54B /* ios-otel-demo-app-to-devrel-demo.app */,
				313BA5F52E0B3AA900B4A54B /* ios-otel-demo-app-to-devrel-demoTests.xctest */,
				313BA5FF2E0B3AA900B4A54B /* ios-otel-demo-app-to-devrel-demoUITests.xctest */,
			);
			name = Products;
			sourceTree = "<group>";
		};
/* End PBXGroup section */

/* Begin PBXNativeTarget section */
		313BA5E72E0B3AA700B4A54B /* ios-otel-demo-app-to-devrel-demo */ = {
			isa = PBXNativeTarget;
			buildConfigurationList = 313BA6092E0B3AA900B4A54B /* Build configuration list for PBXNativeTarget "ios-otel-demo-app-to-devrel-demo" */;
			buildPhases = (
				313BA5E42E0B3AA700B4A54B /* Sources */,
				313BA5E52E0B3AA700B4A54B /* Frameworks */,
				313BA5E62E0B3AA700B4A54B /* Resources */,
			);
			buildRules = (
			);
			dependencies = (
			);
			fileSystemSynchronizedGroups = (
				313BA5EA2E0B3AA700B4A54B /* ios-otel-demo-app-to-devrel-demo */,
			);
			name = "ios-otel-demo-app-to-devrel-demo";
			packageProductDependencies = (
				313BA63E2E0B4B2000B4A54B /* Honeycomb */,
			);
			productName = "ios-otel-demo-app-to-devrel-demo";
			productReference = 313BA5E82E0B3AA700B4A54B /* ios-otel-demo-app-to-devrel-demo.app */;
			productType = "com.apple.product-type.application";
		};
		313BA5F42E0B3AA900B4A54B /* ios-otel-demo-app-to-devrel-demoTests */ = {
			isa = PBXNativeTarget;
			buildConfigurationList = 313BA60C2E0B3AA900B4A54B /* Build configuration list for PBXNativeTarget "ios-otel-demo-app-to-devrel-demoTests" */;
			buildPhases = (
				313BA5F12E0B3AA900B4A54B /* Sources */,
				313BA5F22E0B3AA900B4A54B /* Frameworks */,
				313BA5F32E0B3AA900B4A54B /* Resources */,
			);
			buildRules = (
			);
			dependencies = (
				313BA5F72E0B3AA900B4A54B /* PBXTargetDependency */,
			);
			fileSystemSynchronizedGroups = (
				313BA5F82E0B3AA900B4A54B /* ios-otel-demo-app-to-devrel-demoTests */,
			);
			name = "ios-otel-demo-app-to-devrel-demoTests";
			packageProductDependencies = (
			);
			productName = "ios-otel-demo-app-to-devrel-demoTests";
			productReference = 313BA5F52E0B3AA900B4A54B /* ios-otel-demo-app-to-devrel-demoTests.xctest */;
			productType = "com.apple.product-type.bundle.unit-test";
		};
		313BA5FE2E0B3AA900B4A54B /* ios-otel-demo-app-to-devrel-demoUITests */ = {
			isa = PBXNativeTarget;
			buildConfigurationList = 313BA60F2E0B3AA900B4A54B /* Build configuration list for PBXNativeTarget "ios-otel-demo-app-to-devrel-demoUITests" */;
			buildPhases = (
				313BA5FB2E0B3AA900B4A54B /* Sources */,
				313BA5FC2E0B3AA900B4A54B /* Frameworks */,
				313BA5FD2E0B3AA900B4A54B /* Resources */,
			);
			buildRules = (
			);
			dependencies = (
				313BA6012E0B3AA900B4A54B /* PBXTargetDependency */,
			);
			fileSystemSynchronizedGroups = (
				313BA6022E0B3AA900B4A54B /* ios-otel-demo-app-to-devrel-demoUITests */,
			);
			name = "ios-otel-demo-app-to-devrel-demoUITests";
			packageProductDependencies = (
			);
			productName = "ios-otel-demo-app-to-devrel-demoUITests";
			productReference = 313BA5FF2E0B3AA900B4A54B /* ios-otel-demo-app-to-devrel-demoUITests.xctest */;
			productType = "com.apple.product-type.bundle.ui-testing";
		};
/* End PBXNativeTarget section */

/* Begin PBXProject section */
		313BA5E02E0B3AA700B4A54B /* Project object */ = {
			isa = PBXProject;
			attributes = {
				BuildIndependentTargetsInParallel = 1;
				LastSwiftUpdateCheck = 1640;
				LastUpgradeCheck = 2600;
				TargetAttributes = {
					313BA5E72E0B3AA700B4A54B = {
						CreatedOnToolsVersion = 16.4;
					};
					313BA5F42E0B3AA900B4A54B = {
						CreatedOnToolsVersion = 16.4;
						TestTargetID = 313BA5E72E0B3AA700B4A54B;
					};
					313BA5FE2E0B3AA900B4A54B = {
						CreatedOnToolsVersion = 16.4;
						TestTargetID = 313BA5E72E0B3AA700B4A54B;
					};
				};
			};
			buildConfigurationList = 313BA5E32E0B3AA700B4A54B /* Build configuration list for PBXProject "ios-otel-demo-app-to-devrel-demo" */;
			developmentRegion = en;
			hasScannedForEncodings = 0;
			knownRegions = (
				en,
				Base,
			);
			mainGroup = 313BA5DF2E0B3AA700B4A54B;
			minimizedProjectReferenceProxies = 1;
			packageReferences = (
				313BA63D2E0B4B2000B4A54B /* XCRemoteSwiftPackageReference "honeycomb-opentelemetry-swift" */,
			);
			preferredProjectObjectVersion = 77;
			productRefGroup = 313BA5E92E0B3AA700B4A54B /* Products */;
			projectDirPath = "";
			projectRoot = "";
			targets = (
				313BA5E72E0B3AA700B4A54B /* ios-otel-demo-app-to-devrel-demo */,
				313BA5F42E0B3AA900B4A54B /* ios-otel-demo-app-to-devrel-demoTests */,
				313BA5FE2E0B3AA900B4A54B /* ios-otel-demo-app-to-devrel-demoUITests */,
			);
		};
/* End PBXProject section */

/* Begin PBXResourcesBuildPhase section */
		313BA5E62E0B3AA700B4A54B /* Resources */ = {
			isa = PBXResourcesBuildPhase;
			buildActionMask = 2147483647;
			files = (
				313BA6132E0B413200B4A54B /* IMPLEMENTATION_INSTRUCTIONS.md in Resources */,
			);
			runOnlyForDeploymentPostprocessing = 0;
		};
		313BA5F32E0B3AA900B4A54B /* Resources */ = {
			isa = PBXResourcesBuildPhase;
			buildActionMask = 2147483647;
			files = (
			);
			runOnlyForDeploymentPostprocessing = 0;
		};
		313BA5FD2E0B3AA900B4A54B /* Resources */ = {
			isa = PBXResourcesBuildPhase;
			buildActionMask = 2147483647;
			files = (
			);
			runOnlyForDeploymentPostprocessing = 0;
		};
/* End PBXResourcesBuildPhase section */

/* Begin PBXSourcesBuildPhase section */
		313BA5E42E0B3AA700B4A54B /* Sources */ = {
			isa = PBXSourcesBuildPhase;
			buildActionMask = 2147483647;
			files = (
			);
			runOnlyForDeploymentPostprocessing = 0;
		};
		313BA5F12E0B3AA900B4A54B /* Sources */ = {
			isa = PBXSourcesBuildPhase;
			buildActionMask = 2147483647;
			files = (
			);
			runOnlyForDeploymentPostprocessing = 0;
		};
		313BA5FB2E0B3AA900B4A54B /* Sources */ = {
			isa = PBXSourcesBuildPhase;
			buildActionMask = 2147483647;
			files = (
			);
			runOnlyForDeploymentPostprocessing = 0;
		};
/* End PBXSourcesBuildPhase section */

/* Begin PBXTargetDependency section */
		313BA5F72E0B3AA900B4A54B /* PBXTargetDependency */ = {
			isa = PBXTargetDependency;
			target = 313BA5E72E0B3AA700B4A54B /* ios-otel-demo-app-to-devrel-demo */;
			targetProxy = 313BA5F62E0B3AA900B4A54B /* PBXContainerItemProxy */;
		};
		313BA6012E0B3AA900B4A54B /* PBXTargetDependency */ = {
			isa = PBXTargetDependency;
			target = 313BA5E72E0B3AA700B4A54B /* ios-otel-demo-app-to-devrel-demo */;
			targetProxy = 313BA6002E0B3AA900B4A54B /* PBXContainerItemProxy */;
		};
/* End PBXTargetDependency section */

/* Begin XCBuildConfiguration section */
		313BA6072E0B3AA900B4A54B /* Debug */ = {
			isa = XCBuildConfiguration;
			buildSettings = {
				ALWAYS_SEARCH_USER_PATHS = NO;
				ASSETCATALOG_COMPILER_GENERATE_SWIFT_ASSET_SYMBOL_EXTENSIONS = YES;
				CLANG_ANALYZER_NONNULL = YES;
				CLANG_ANALYZER_NUMBER_OBJECT_CONVERSION = YES_AGGRESSIVE;
				CLANG_CXX_LANGUAGE_STANDARD = "gnu++20";
				CLANG_ENABLE_MODULES = YES;
				CLANG_ENABLE_OBJC_ARC = YES;
				CLANG_ENABLE_OBJC_WEAK = YES;
				CLANG_WARN_BLOCK_CAPTURE_AUTORELEASING = YES;
				CLANG_WARN_BOOL_CONVERSION = YES;
				CLANG_WARN_COMMA = YES;
				CLANG_WARN_CONSTANT_CONVERSION = YES;
				CLANG_WARN_DEPRECATED_OBJC_IMPLEMENTATIONS = YES;
				CLANG_WARN_DIRECT_OBJC_ISA_USAGE = YES_ERROR;
				CLANG_WARN_DOCUMENTATION_COMMENTS = YES;
				CLANG_WARN_EMPTY_BODY = YES;
				CLANG_WARN_ENUM_CONVERSION = YES;
				CLANG_WARN_INFINITE_RECURSION = YES;
				CLANG_WARN_INT_CONVERSION = YES;
				CLANG_WARN_NON_LITERAL_NULL_CONVERSION = YES;
				CLANG_WARN_OBJC_IMPLICIT_RETAIN_SELF = YES;
				CLANG_WARN_OBJC_LITERAL_CONVERSION = YES;
				CLANG_WARN_OBJC_ROOT_CLASS = YES_ERROR;
				CLANG_WARN_QUOTED_INCLUDE_IN_FRAMEWORK_HEADER = YES;
				CLANG_WARN_RANGE_LOOP_ANALYSIS = YES;
				CLANG_WARN_STRICT_PROTOTYPES = YES;
				CLANG_WARN_SUSPICIOUS_MOVE = YES;
				CLANG_WARN_UNGUARDED_AVAILABILITY = YES_AGGRESSIVE;
				CLANG_WARN_UNREACHABLE_CODE = YES;
				CLANG_WARN__DUPLICATE_METHOD_MATCH = YES;
				COPY_PHASE_STRIP = NO;
				DEBUG_INFORMATION_FORMAT = dwarf;
				DEVELOPMENT_TEAM = D93SSGKZV9;
				ENABLE_STRICT_OBJC_MSGSEND = YES;
				ENABLE_TESTABILITY = YES;
				ENABLE_USER_SCRIPT_SANDBOXING = YES;
				GCC_C_LANGUAGE_STANDARD = gnu17;
				GCC_DYNAMIC_NO_PIC = NO;
				GCC_NO_COMMON_BLOCKS = YES;
				GCC_OPTIMIZATION_LEVEL = 0;
				GCC_PREPROCESSOR_DEFINITIONS = (
					"DEBUG=1",
					"$(inherited)",
				);
				GCC_WARN_64_TO_32_BIT_CONVERSION = YES;
				GCC_WARN_ABOUT_RETURN_TYPE = YES_ERROR;
				GCC_WARN_UNDECLARED_SELECTOR = YES;
				GCC_WARN_UNINITIALIZED_AUTOS = YES_AGGRESSIVE;
				GCC_WARN_UNUSED_FUNCTION = YES;
				GCC_WARN_UNUSED_VARIABLE = YES;
				IPHONEOS_DEPLOYMENT_TARGET = 18.0;
				LOCALIZATION_PREFERS_STRING_CATALOGS = YES;
				MTL_ENABLE_DEBUG_INFO = INCLUDE_SOURCE;
				MTL_FAST_MATH = YES;
				ONLY_ACTIVE_ARCH = YES;
				SDKROOT = iphoneos;
				STRING_CATALOG_GENERATE_SYMBOLS = YES;
				SWIFT_ACTIVE_COMPILATION_CONDITIONS = "DEBUG $(inherited)";
				SWIFT_OPTIMIZATION_LEVEL = "-Onone";
			};
			name = Debug;
		};
		313BA6082E0B3AA900B4A54B /* Release */ = {
			isa = XCBuildConfiguration;
			buildSettings = {
				ALWAYS_SEARCH_USER_PATHS = NO;
				ASSETCATALOG_COMPILER_GENERATE_SWIFT_ASSET_SYMBOL_EXTENSIONS = YES;
				CLANG_ANALYZER_NONNULL = YES;
				CLANG_ANALYZER_NUMBER_OBJECT_CONVERSION = YES_AGGRESSIVE;
				CLANG_CXX_LANGUAGE_STANDARD = "gnu++20";
				CLANG_ENABLE_MODULES = YES;
				CLANG_ENABLE_OBJC_ARC = YES;
				CLANG_ENABLE_OBJC_WEAK = YES;
				CLANG_WARN_BLOCK_CAPTURE_AUTORELEASING = YES;
				CLANG_WARN_BOOL_CONVERSION = YES;
				CLANG_WARN_COMMA = YES;
				CLANG_WARN_CONSTANT_CONVERSION = YES;
				CLANG_WARN_DEPRECATED_OBJC_IMPLEMENTATIONS = YES;
				CLANG_WARN_DIRECT_OBJC_ISA_USAGE = YES_ERROR;
				CLANG_WARN_DOCUMENTATION_COMMENTS = YES;
				CLANG_WARN_EMPTY_BODY = YES;
				CLANG_WARN_ENUM_CONVERSION = YES;
				CLANG_WARN_INFINITE_RECURSION = YES;
				CLANG_WARN_INT_CONVERSION = YES;
				CLANG_WARN_NON_LITERAL_NULL_CONVERSION = YES;
				CLANG_WARN_OBJC_IMPLICIT_RETAIN_SELF = YES;
				CLANG_WARN_OBJC_LITERAL_CONVERSION = YES;
				CLANG_WARN_OBJC_ROOT_CLASS = YES_ERROR;
				CLANG_WARN_QUOTED_INCLUDE_IN_FRAMEWORK_HEADER = YES;
				CLANG_WARN_RANGE_LOOP_ANALYSIS = YES;
				CLANG_WARN_STRICT_PROTOTYPES = YES;
				CLANG_WARN_SUSPICIOUS_MOVE = YES;
				CLANG_WARN_UNGUARDED_AVAILABILITY = YES_AGGRESSIVE;
				CLANG_WARN_UNREACHABLE_CODE = YES;
				CLANG_WARN__DUPLICATE_METHOD_MATCH = YES;
				COPY_PHASE_STRIP = NO;
				DEBUG_INFORMATION_FORMAT = "dwarf-with-dsym";
				DEVELOPMENT_TEAM = D93SSGKZV9;
				ENABLE_NS_ASSERTIONS = NO;
				ENABLE_STRICT_OBJC_MSGSEND = YES;
				ENABLE_USER_SCRIPT_SANDBOXING = YES;
				GCC_C_LANGUAGE_STANDARD = gnu17;
				GCC_NO_COMMON_BLOCKS = YES;
				GCC_WARN_64_TO_32_BIT_CONVERSION = YES;
				GCC_WARN_ABOUT_RETURN_TYPE = YES_ERROR;
				GCC_WARN_UNDECLARED_SELECTOR = YES;
				GCC_WARN_UNINITIALIZED_AUTOS = YES_AGGRESSIVE;
				GCC_WARN_UNUSED_FUNCTION = YES;
				GCC_WARN_UNUSED_VARIABLE = YES;
				IPHONEOS_DEPLOYMENT_TARGET = 18.0;
				LOCALIZATION_PREFERS_STRING_CATALOGS = YES;
				MTL_ENABLE_DEBUG_INFO = NO;
				MTL_FAST_MATH = YES;
				SDKROOT = iphoneos;
				STRING_CATALOG_GENERATE_SYMBOLS = YES;
				SWIFT_COMPILATION_MODE = wholemodule;
				VALIDATE_PRODUCT = YES;
			};
			name = Release;
		};
		313BA60A2E0B3AA900B4A54B /* Debug */ = {
			isa = XCBuildConfiguration;
			buildSettings = {
				ASSETCATALOG_COMPILER_APPICON_NAME = AppIcon;
				ASSETCATALOG_COMPILER_GLOBAL_ACCENT_COLOR_NAME = AccentColor;
				CODE_SIGN_STYLE = Automatic;
				CURRENT_PROJECT_VERSION = 1;
				DEVELOPMENT_TEAM = BRY445JQLW;
				ENABLE_PREVIEWS = YES;
				GENERATE_INFOPLIST_FILE = YES;
				INFOPLIST_KEY_CFBundleDisplayName = "HC DevRel Telescope Shop";
				INFOPLIST_KEY_UIApplicationSceneManifest_Generation = YES;
				INFOPLIST_KEY_UIApplicationSupportsIndirectInputEvents = YES;
				INFOPLIST_KEY_UILaunchScreen_Generation = YES;
				INFOPLIST_KEY_UISupportedInterfaceOrientations_iPad = "UIInterfaceOrientationPortrait UIInterfaceOrientationPortraitUpsideDown UIInterfaceOrientationLandscapeLeft UIInterfaceOrientationLandscapeRight";
				INFOPLIST_KEY_UISupportedInterfaceOrientations_iPhone = "UIInterfaceOrientationPortrait UIInterfaceOrientationLandscapeLeft UIInterfaceOrientationLandscapeRight";
				LD_RUNPATH_SEARCH_PATHS = (
					"$(inherited)",
					"@executable_path/Frameworks",
				);
				MARKETING_VERSION = 1.0;
				PRODUCT_BUNDLE_IDENTIFIER = "io.honeycomb.devrel-demo-telescope-shop";
				PRODUCT_NAME = "$(TARGET_NAME)";
				SWIFT_EMIT_LOC_STRINGS = YES;
				SWIFT_VERSION = 5.0;
				TARGETED_DEVICE_FAMILY = "1,2";
			};
			name = Debug;
		};
		313BA60B2E0B3AA900B4A54B /* Release */ = {
			isa = XCBuildConfiguration;
			buildSettings = {
				ASSETCATALOG_COMPILER_APPICON_NAME = AppIcon;
				ASSETCATALOG_COMPILER_GLOBAL_ACCENT_COLOR_NAME = AccentColor;
				CODE_SIGN_STYLE = Automatic;
				CURRENT_PROJECT_VERSION = 1;
				DEVELOPMENT_TEAM = BRY445JQLW;
				ENABLE_PREVIEWS = YES;
				GENERATE_INFOPLIST_FILE = YES;
				INFOPLIST_KEY_CFBundleDisplayName = "HC DevRel Telescope Shop";
				INFOPLIST_KEY_UIApplicationSceneManifest_Generation = YES;
				INFOPLIST_KEY_UIApplicationSupportsIndirectInputEvents = YES;
				INFOPLIST_KEY_UILaunchScreen_Generation = YES;
				INFOPLIST_KEY_UISupportedInterfaceOrientations_iPad = "UIInterfaceOrientationPortrait UIInterfaceOrientationPortraitUpsideDown UIInterfaceOrientationLandscapeLeft UIInterfaceOrientationLandscapeRight";
				INFOPLIST_KEY_UISupportedInterfaceOrientations_iPhone = "UIInterfaceOrientationPortrait UIInterfaceOrientationLandscapeLeft UIInterfaceOrientationLandscapeRight";
				LD_RUNPATH_SEARCH_PATHS = (
					"$(inherited)",
					"@executable_path/Frameworks",
				);
				MARKETING_VERSION = 1.0;
				PRODUCT_BUNDLE_IDENTIFIER = "io.honeycomb.devrel-demo-telescope-shop";
				PRODUCT_NAME = "$(TARGET_NAME)";
				SWIFT_EMIT_LOC_STRINGS = YES;
				SWIFT_VERSION = 5.0;
				TARGETED_DEVICE_FAMILY = "1,2";
			};
			name = Release;
		};
		313BA60D2E0B3AA900B4A54B /* Debug */ = {
			isa = XCBuildConfiguration;
			buildSettings = {
				BUNDLE_LOADER = "$(TEST_HOST)";
				CODE_SIGN_STYLE = Automatic;
				CURRENT_PROJECT_VERSION = 1;
				DEVELOPMENT_TEAM = D93SSGKZV9;
				GENERATE_INFOPLIST_FILE = YES;
				IPHONEOS_DEPLOYMENT_TARGET = 18.0;
				MARKETING_VERSION = 1.0;
				PRODUCT_BUNDLE_IDENTIFIER = "rimple-demo.ios-otel-demo-app-to-devrel-demoTests";
				PRODUCT_NAME = "$(TARGET_NAME)";
				SWIFT_EMIT_LOC_STRINGS = NO;
				SWIFT_VERSION = 5.0;
				TARGETED_DEVICE_FAMILY = "1,2";
				TEST_HOST = "$(BUILT_PRODUCTS_DIR)/ios-otel-demo-app-to-devrel-demo.app/$(BUNDLE_EXECUTABLE_FOLDER_PATH)/ios-otel-demo-app-to-devrel-demo";
			};
			name = Debug;
		};
		313BA60E2E0B3AA900B4A54B /* Release */ = {
			isa = XCBuildConfiguration;
			buildSettings = {
				BUNDLE_LOADER = "$(TEST_HOST)";
				CODE_SIGN_STYLE = Automatic;
				CURRENT_PROJECT_VERSION = 1;
				DEVELOPMENT_TEAM = D93SSGKZV9;
				GENERATE_INFOPLIST_FILE = YES;
				IPHONEOS_DEPLOYMENT_TARGET = 18.0;
				MARKETING_VERSION = 1.0;
				PRODUCT_BUNDLE_IDENTIFIER = "rimple-demo.ios-otel-demo-app-to-devrel-demoTests";
				PRODUCT_NAME = "$(TARGET_NAME)";
				SWIFT_EMIT_LOC_STRINGS = NO;
				SWIFT_VERSION = 5.0;
				TARGETED_DEVICE_FAMILY = "1,2";
				TEST_HOST = "$(BUILT_PRODUCTS_DIR)/ios-otel-demo-app-to-devrel-demo.app/$(BUNDLE_EXECUTABLE_FOLDER_PATH)/ios-otel-demo-app-to-devrel-demo";
			};
			name = Release;
		};
		313BA6102E0B3AA900B4A54B /* Debug */ = {
			isa = XCBuildConfiguration;
			buildSettings = {
				CODE_SIGN_STYLE = Automatic;
				CURRENT_PROJECT_VERSION = 1;
				DEVELOPMENT_TEAM = D93SSGKZV9;
				GENERATE_INFOPLIST_FILE = YES;
				MARKETING_VERSION = 1.0;
				PRODUCT_BUNDLE_IDENTIFIER = "rimple-demo.ios-otel-demo-app-to-devrel-demoUITests";
				PRODUCT_NAME = "$(TARGET_NAME)";
				SWIFT_EMIT_LOC_STRINGS = NO;
				SWIFT_VERSION = 5.0;
				TARGETED_DEVICE_FAMILY = "1,2";
				TEST_TARGET_NAME = "ios-otel-demo-app-to-devrel-demo";
			};
			name = Debug;
		};
		313BA6112E0B3AA900B4A54B /* Release */ = {
			isa = XCBuildConfiguration;
			buildSettings = {
				CODE_SIGN_STYLE = Automatic;
				CURRENT_PROJECT_VERSION = 1;
				DEVELOPMENT_TEAM = D93SSGKZV9;
				GENERATE_INFOPLIST_FILE = YES;
				MARKETING_VERSION = 1.0;
				PRODUCT_BUNDLE_IDENTIFIER = "rimple-demo.ios-otel-demo-app-to-devrel-demoUITests";
				PRODUCT_NAME = "$(TARGET_NAME)";
				SWIFT_EMIT_LOC_STRINGS = NO;
				SWIFT_VERSION = 5.0;
				TARGETED_DEVICE_FAMILY = "1,2";
				TEST_TARGET_NAME = "ios-otel-demo-app-to-devrel-demo";
			};
			name = Release;
		};
/* End XCBuildConfiguration section */

/* Begin XCConfigurationList section */
		313BA5E32E0B3AA700B4A54B /* Build configuration list for PBXProject "ios-otel-demo-app-to-devrel-demo" */ = {
			isa = XCConfigurationList;
			buildConfigurations = (
				313BA6072E0B3AA900B4A54B /* Debug */,
				313BA6082E0B3AA900B4A54B /* Release */,
			);
			defaultConfigurationIsVisible = 0;
			defaultConfigurationName = Release;
		};
		313BA6092E0B3AA900B4A54B /* Build configuration list for PBXNativeTarget "ios-otel-demo-app-to-devrel-demo" */ = {
			isa = XCConfigurationList;
			buildConfigurations = (
				313BA60A2E0B3AA900B4A54B /* Debug */,
				313BA60B2E0B3AA900B4A54B /* Release */,
			);
			defaultConfigurationIsVisible = 0;
			defaultConfigurationName = Release;
		};
		313BA60C2E0B3AA900B4A54B /* Build configuration list for PBXNativeTarget "ios-otel-demo-app-to-devrel-demoTests" */ = {
			isa = XCConfigurationList;
			buildConfigurations = (
				313BA60D2E0B3AA900B4A54B /* Debug */,
				313BA60E2E0B3AA900B4A54B /* Release */,
			);
			defaultConfigurationIsVisible = 0;
			defaultConfigurationName = Release;
		};
		313BA60F2E0B3AA900B4A54B /* Build configuration list for PBXNativeTarget "ios-otel-demo-app-to-devrel-demoUITests" */ = {
			isa = XCConfigurationList;
			buildConfigurations = (
				313BA6102E0B3AA900B4A54B /* Debug */,
				313BA6112E0B3AA900B4A54B /* Release */,
			);
			defaultConfigurationIsVisible = 0;
			defaultConfigurationName = Release;
		};
/* End XCConfigurationList section */

/* Begin XCRemoteSwiftPackageReference section */
		313BA63D2E0B4B2000B4A54B /* XCRemoteSwiftPackageReference "honeycomb-opentelemetry-swift" */ = {
			isa = XCRemoteSwiftPackageReference;
			repositoryURL = "https://github.com/honeycombio/honeycomb-opentelemetry-swift";
			requirement = {
				kind = upToNextMajorVersion;
				minimumVersion = 2.1.2;
			};
		};
/* End XCRemoteSwiftPackageReference section */

/* Begin XCSwiftPackageProductDependency section */
		313BA63E2E0B4B2000B4A54B /* Honeycomb */ = {
			isa = XCSwiftPackageProductDependency;
			package = 313BA63D2E0B4B2000B4A54B /* XCRemoteSwiftPackageReference "honeycomb-opentelemetry-swift" */;
			productName = Honeycomb;
		};
/* End XCSwiftPackageProductDependency section */
	};
	rootObject = 313BA5E02E0B3AA700B4A54B /* Project object */;
}
